// !$*UTF8*$!
{
	archiveVersion = 1;
	classes = {
	};
	objectVersion = 56;
	objects = {

/* Begin PBXBuildFile section */
		B510FED42A68201600649E1B /* ValuePresentableStepper.swift in Sources */ = {isa = PBXBuildFile; fileRef = B510FED32A68201600649E1B /* ValuePresentableStepper.swift */; };
		B52A23F92A6FBA9700408259 /* Notification+Namespace.swift in Sources */ = {isa = PBXBuildFile; fileRef = B52A23F82A6FBA9700408259 /* Notification+Namespace.swift */; };
		B52A23FA2A6FBD9E00408259 /* Notification+Namespace.swift in Sources */ = {isa = PBXBuildFile; fileRef = B52A23F82A6FBA9700408259 /* Notification+Namespace.swift */; };
		B59A0C5D2A64D146009C7F18 /* AppDelegate.swift in Sources */ = {isa = PBXBuildFile; fileRef = B59A0C5C2A64D146009C7F18 /* AppDelegate.swift */; };
		B59A0C5F2A64D146009C7F18 /* SceneDelegate.swift in Sources */ = {isa = PBXBuildFile; fileRef = B59A0C5E2A64D146009C7F18 /* SceneDelegate.swift */; };
		B59A0C612A64D146009C7F18 /* ViewController.swift in Sources */ = {isa = PBXBuildFile; fileRef = B59A0C602A64D146009C7F18 /* ViewController.swift */; };
		B59A0C662A64D149009C7F18 /* Assets.xcassets in Resources */ = {isa = PBXBuildFile; fileRef = B59A0C652A64D149009C7F18 /* Assets.xcassets */; };
		B59A0C692A64D149009C7F18 /* LaunchScreen.storyboard in Resources */ = {isa = PBXBuildFile; fileRef = B59A0C672A64D149009C7F18 /* LaunchScreen.storyboard */; };
		B59A0C912A64D9DA009C7F18 /* Slide.swift in Sources */ = {isa = PBXBuildFile; fileRef = B59A0C902A64D9DA009C7F18 /* Slide.swift */; };
		B59A0C932A64DECF009C7F18 /* SMColor.swift in Sources */ = {isa = PBXBuildFile; fileRef = B59A0C922A64DECF009C7F18 /* SMColor.swift */; };
		B59A0C952A668B74009C7F18 /* SMUUID.swift in Sources */ = {isa = PBXBuildFile; fileRef = B59A0C942A668B74009C7F18 /* SMUUID.swift */; };
		B59A0CB92A66FEB6009C7F18 /* Logger+Extension.swift in Sources */ = {isa = PBXBuildFile; fileRef = B59A0CB82A66FEB6009C7F18 /* Logger+Extension.swift */; };
		B59A0CBB2A670203009C7F18 /* SMColor+UIColor.swift in Sources */ = {isa = PBXBuildFile; fileRef = B59A0CBA2A670203009C7F18 /* SMColor+UIColor.swift */; };
		B59A0CBF2A670A6B009C7F18 /* SMAlpha+CGFloat.swift in Sources */ = {isa = PBXBuildFile; fileRef = B59A0CBE2A670A6B009C7F18 /* SMAlpha+CGFloat.swift */; };
		B59A0CC12A670AF2009C7F18 /* SMSize+CGSize.swift in Sources */ = {isa = PBXBuildFile; fileRef = B59A0CC02A670AF2009C7F18 /* SMSize+CGSize.swift */; };
		B59A0CC32A677928009C7F18 /* MainView.swift in Sources */ = {isa = PBXBuildFile; fileRef = B59A0CC22A677928009C7F18 /* MainView.swift */; };
		B59A0CC52A677A13009C7F18 /* LayoutConfigurable.swift in Sources */ = {isa = PBXBuildFile; fileRef = B59A0CC42A677A13009C7F18 /* LayoutConfigurable.swift */; };
		B59A0CC72A677CFB009C7F18 /* InspectorView.swift in Sources */ = {isa = PBXBuildFile; fileRef = B59A0CC62A677CFB009C7F18 /* InspectorView.swift */; };
		B59A0CC92A677F0A009C7F18 /* NavigatorView.swift in Sources */ = {isa = PBXBuildFile; fileRef = B59A0CC82A677F0A009C7F18 /* NavigatorView.swift */; };
		B59A0CCB2A679FB4009C7F18 /* SlideView.swift in Sources */ = {isa = PBXBuildFile; fileRef = B59A0CCA2A679FB4009C7F18 /* SlideView.swift */; };
		B59A0CCD2A67EA62009C7F18 /* UIColor+Extension.swift in Sources */ = {isa = PBXBuildFile; fileRef = B59A0CCC2A67EA62009C7F18 /* UIColor+Extension.swift */; };
		B5CCB6CC2A6D0978009771DC /* SlideContent.swift in Sources */ = {isa = PBXBuildFile; fileRef = B5CCB6CB2A6D0978009771DC /* SlideContent.swift */; };
		B5CCB6D02A6D24B2009771DC /* SlideManager.swift in Sources */ = {isa = PBXBuildFile; fileRef = B5CCB6CF2A6D24B2009771DC /* SlideManager.swift */; };
		B5CCB6D32A6D83FF009771DC /* SquareContent.swift in Sources */ = {isa = PBXBuildFile; fileRef = B5CCB6D22A6D83FF009771DC /* SquareContent.swift */; };
		B5CCB6D72A6D8447009771DC /* SlideContentFactory.swift in Sources */ = {isa = PBXBuildFile; fileRef = B5CCB6D62A6D8447009771DC /* SlideContentFactory.swift */; };
		B5CCB6D92A6D860E009771DC /* SquareContentView.swift in Sources */ = {isa = PBXBuildFile; fileRef = B5CCB6D82A6D860E009771DC /* SquareContentView.swift */; };
		B5CCB6DB2A6D862F009771DC /* ContentViewProtocol.swift in Sources */ = {isa = PBXBuildFile; fileRef = B5CCB6DA2A6D862F009771DC /* ContentViewProtocol.swift */; };
		B5CCB6DD2A6E0F24009771DC /* SlideManager.swift in Sources */ = {isa = PBXBuildFile; fileRef = B5CCB6CF2A6D24B2009771DC /* SlideManager.swift */; };
		B5CCB6DE2A6E1063009771DC /* SlideContentFactory.swift in Sources */ = {isa = PBXBuildFile; fileRef = B5CCB6D62A6D8447009771DC /* SlideContentFactory.swift */; };
		B5CCB6DF2A6E1076009771DC /* SquareContent.swift in Sources */ = {isa = PBXBuildFile; fileRef = B5CCB6D22A6D83FF009771DC /* SquareContent.swift */; };
		B5CCB6E02A6E10C5009771DC /* SMColor.swift in Sources */ = {isa = PBXBuildFile; fileRef = B59A0C922A64DECF009C7F18 /* SMColor.swift */; };
		B5CCB6E12A6E10DA009771DC /* SMAlpha.swift in Sources */ = {isa = PBXBuildFile; fileRef = B5D7D39E2A64F7B70073B882 /* SMAlpha.swift */; };
		B5CCB6E22A6E7D80009771DC /* SlideContent.swift in Sources */ = {isa = PBXBuildFile; fileRef = B5CCB6CB2A6D0978009771DC /* SlideContent.swift */; };
		B5CCB6E32A6E7D89009771DC /* Slide.swift in Sources */ = {isa = PBXBuildFile; fileRef = B59A0C902A64D9DA009C7F18 /* Slide.swift */; };
		B5CCB6E42A6E7D91009771DC /* SMUUID.swift in Sources */ = {isa = PBXBuildFile; fileRef = B59A0C942A668B74009C7F18 /* SMUUID.swift */; };
		B5CCB6E52A6E7DE2009771DC /* SlideManagerTests.swift in Sources */ = {isa = PBXBuildFile; fileRef = B59A0C732A64D149009C7F18 /* SlideManagerTests.swift */; };
		B5D7D39F2A64F7B70073B882 /* SMAlpha.swift in Sources */ = {isa = PBXBuildFile; fileRef = B5D7D39E2A64F7B70073B882 /* SMAlpha.swift */; };
		B5D7D3A32A6500B40073B882 /* SMSize.swift in Sources */ = {isa = PBXBuildFile; fileRef = B5D7D3A22A6500B40073B882 /* SMSize.swift */; };
		B5F4CD692A68472200CD226F /* BackgroundColorChangeableButton.swift in Sources */ = {isa = PBXBuildFile; fileRef = B5F4CD682A68472200CD226F /* BackgroundColorChangeableButton.swift */; };
/* End PBXBuildFile section */

/* Begin PBXContainerItemProxy section */
		B59A0C702A64D149009C7F18 /* PBXContainerItemProxy */ = {
			isa = PBXContainerItemProxy;
			containerPortal = B59A0C512A64D146009C7F18 /* Project object */;
			proxyType = 1;
			remoteGlobalIDString = B59A0C582A64D146009C7F18;
			remoteInfo = MyKeynote;
		};
/* End PBXContainerItemProxy section */

/* Begin PBXFileReference section */
		B510FED32A68201600649E1B /* ValuePresentableStepper.swift */ = {isa = PBXFileReference; lastKnownFileType = sourcecode.swift; path = ValuePresentableStepper.swift; sourceTree = "<group>"; };
		B52A23F82A6FBA9700408259 /* Notification+Namespace.swift */ = {isa = PBXFileReference; lastKnownFileType = sourcecode.swift; path = "Notification+Namespace.swift"; sourceTree = "<group>"; };
		B52A23FB2A6FBDD400408259 /* MyKeynote.xctestplan */ = {isa = PBXFileReference; lastKnownFileType = text; path = MyKeynote.xctestplan; sourceTree = "<group>"; };
		B59A0C592A64D146009C7F18 /* MyKeynote.app */ = {isa = PBXFileReference; explicitFileType = wrapper.application; includeInIndex = 0; path = MyKeynote.app; sourceTree = BUILT_PRODUCTS_DIR; };
		B59A0C5C2A64D146009C7F18 /* AppDelegate.swift */ = {isa = PBXFileReference; lastKnownFileType = sourcecode.swift; path = AppDelegate.swift; sourceTree = "<group>"; };
		B59A0C5E2A64D146009C7F18 /* SceneDelegate.swift */ = {isa = PBXFileReference; lastKnownFileType = sourcecode.swift; path = SceneDelegate.swift; sourceTree = "<group>"; };
		B59A0C602A64D146009C7F18 /* ViewController.swift */ = {isa = PBXFileReference; lastKnownFileType = sourcecode.swift; path = ViewController.swift; sourceTree = "<group>"; };
		B59A0C652A64D149009C7F18 /* Assets.xcassets */ = {isa = PBXFileReference; lastKnownFileType = folder.assetcatalog; path = Assets.xcassets; sourceTree = "<group>"; };
		B59A0C682A64D149009C7F18 /* Base */ = {isa = PBXFileReference; lastKnownFileType = file.storyboard; name = Base; path = Base.lproj/LaunchScreen.storyboard; sourceTree = "<group>"; };
		B59A0C6A2A64D149009C7F18 /* Info.plist */ = {isa = PBXFileReference; lastKnownFileType = text.plist.xml; path = Info.plist; sourceTree = "<group>"; };
		B59A0C6F2A64D149009C7F18 /* MyKeynoteTests.xctest */ = {isa = PBXFileReference; explicitFileType = wrapper.cfbundle; includeInIndex = 0; path = MyKeynoteTests.xctest; sourceTree = BUILT_PRODUCTS_DIR; };
		B59A0C732A64D149009C7F18 /* SlideManagerTests.swift */ = {isa = PBXFileReference; lastKnownFileType = sourcecode.swift; path = SlideManagerTests.swift; sourceTree = "<group>"; };
		B59A0C8E2A64D635009C7F18 /* README.md */ = {isa = PBXFileReference; lastKnownFileType = net.daringfireball.markdown; name = README.md; path = "../../../../../문서 - MacBook Pro 16 SM/Workspace/Softeer/ios-keynote/README.md"; sourceTree = "<group>"; };
		B59A0C902A64D9DA009C7F18 /* Slide.swift */ = {isa = PBXFileReference; lastKnownFileType = sourcecode.swift; path = Slide.swift; sourceTree = "<group>"; };
		B59A0C922A64DECF009C7F18 /* SMColor.swift */ = {isa = PBXFileReference; lastKnownFileType = sourcecode.swift; path = SMColor.swift; sourceTree = "<group>"; };
		B59A0C942A668B74009C7F18 /* SMUUID.swift */ = {isa = PBXFileReference; lastKnownFileType = sourcecode.swift; path = SMUUID.swift; sourceTree = "<group>"; };
		B59A0CB82A66FEB6009C7F18 /* Logger+Extension.swift */ = {isa = PBXFileReference; lastKnownFileType = sourcecode.swift; path = "Logger+Extension.swift"; sourceTree = "<group>"; };
		B59A0CBA2A670203009C7F18 /* SMColor+UIColor.swift */ = {isa = PBXFileReference; lastKnownFileType = sourcecode.swift; path = "SMColor+UIColor.swift"; sourceTree = "<group>"; };
		B59A0CBE2A670A6B009C7F18 /* SMAlpha+CGFloat.swift */ = {isa = PBXFileReference; lastKnownFileType = sourcecode.swift; path = "SMAlpha+CGFloat.swift"; sourceTree = "<group>"; };
		B59A0CC02A670AF2009C7F18 /* SMSize+CGSize.swift */ = {isa = PBXFileReference; lastKnownFileType = sourcecode.swift; path = "SMSize+CGSize.swift"; sourceTree = "<group>"; };
		B59A0CC22A677928009C7F18 /* MainView.swift */ = {isa = PBXFileReference; lastKnownFileType = sourcecode.swift; path = MainView.swift; sourceTree = "<group>"; };
		B59A0CC42A677A13009C7F18 /* LayoutConfigurable.swift */ = {isa = PBXFileReference; lastKnownFileType = sourcecode.swift; path = LayoutConfigurable.swift; sourceTree = "<group>"; };
		B59A0CC62A677CFB009C7F18 /* InspectorView.swift */ = {isa = PBXFileReference; lastKnownFileType = sourcecode.swift; path = InspectorView.swift; sourceTree = "<group>"; };
		B59A0CC82A677F0A009C7F18 /* NavigatorView.swift */ = {isa = PBXFileReference; lastKnownFileType = sourcecode.swift; path = NavigatorView.swift; sourceTree = "<group>"; };
		B59A0CCA2A679FB4009C7F18 /* SlideView.swift */ = {isa = PBXFileReference; lastKnownFileType = sourcecode.swift; path = SlideView.swift; sourceTree = "<group>"; };
		B59A0CCC2A67EA62009C7F18 /* UIColor+Extension.swift */ = {isa = PBXFileReference; lastKnownFileType = sourcecode.swift; path = "UIColor+Extension.swift"; sourceTree = "<group>"; };
		B5CCB6CB2A6D0978009771DC /* SlideContent.swift */ = {isa = PBXFileReference; lastKnownFileType = sourcecode.swift; path = SlideContent.swift; sourceTree = "<group>"; };
		B5CCB6CF2A6D24B2009771DC /* SlideManager.swift */ = {isa = PBXFileReference; lastKnownFileType = sourcecode.swift; path = SlideManager.swift; sourceTree = "<group>"; };
		B5CCB6D22A6D83FF009771DC /* SquareContent.swift */ = {isa = PBXFileReference; lastKnownFileType = sourcecode.swift; path = SquareContent.swift; sourceTree = "<group>"; };
		B5CCB6D62A6D8447009771DC /* SlideContentFactory.swift */ = {isa = PBXFileReference; lastKnownFileType = sourcecode.swift; path = SlideContentFactory.swift; sourceTree = "<group>"; };
		B5CCB6D82A6D860E009771DC /* SquareContentView.swift */ = {isa = PBXFileReference; lastKnownFileType = sourcecode.swift; path = SquareContentView.swift; sourceTree = "<group>"; };
		B5CCB6DA2A6D862F009771DC /* ContentViewProtocol.swift */ = {isa = PBXFileReference; lastKnownFileType = sourcecode.swift; path = ContentViewProtocol.swift; sourceTree = "<group>"; };
		B5D7D39E2A64F7B70073B882 /* SMAlpha.swift */ = {isa = PBXFileReference; lastKnownFileType = sourcecode.swift; path = SMAlpha.swift; sourceTree = "<group>"; };
		B5D7D3A22A6500B40073B882 /* SMSize.swift */ = {isa = PBXFileReference; lastKnownFileType = sourcecode.swift; path = SMSize.swift; sourceTree = "<group>"; };
		B5F4CD682A68472200CD226F /* BackgroundColorChangeableButton.swift */ = {isa = PBXFileReference; lastKnownFileType = sourcecode.swift; path = BackgroundColorChangeableButton.swift; sourceTree = "<group>"; };
/* End PBXFileReference section */

/* Begin PBXFrameworksBuildPhase section */
		B59A0C562A64D146009C7F18 /* Frameworks */ = {
			isa = PBXFrameworksBuildPhase;
			buildActionMask = 2147483647;
			files = (
			);
			runOnlyForDeploymentPostprocessing = 0;
		};
		B59A0C6C2A64D149009C7F18 /* Frameworks */ = {
			isa = PBXFrameworksBuildPhase;
			buildActionMask = 2147483647;
			files = (
			);
			runOnlyForDeploymentPostprocessing = 0;
		};
/* End PBXFrameworksBuildPhase section */

/* Begin PBXGroup section */
		B510FED22A681FDA00649E1B /* Inspector */ = {
			isa = PBXGroup;
			children = (
				B59A0CC62A677CFB009C7F18 /* InspectorView.swift */,
				B510FED32A68201600649E1B /* ValuePresentableStepper.swift */,
				B5F4CD682A68472200CD226F /* BackgroundColorChangeableButton.swift */,
			);
			path = Inspector;
			sourceTree = "<group>";
		};
		B59A0C502A64D146009C7F18 = {
			isa = PBXGroup;
			children = (
				B52A23FB2A6FBDD400408259 /* MyKeynote.xctestplan */,
				B59A0C8E2A64D635009C7F18 /* README.md */,
				B59A0C5B2A64D146009C7F18 /* MyKeynote */,
				B59A0C722A64D149009C7F18 /* MyKeynoteTests */,
				B59A0C5A2A64D146009C7F18 /* Products */,
			);
			sourceTree = "<group>";
		};
		B59A0C5A2A64D146009C7F18 /* Products */ = {
			isa = PBXGroup;
			children = (
				B59A0C592A64D146009C7F18 /* MyKeynote.app */,
				B59A0C6F2A64D149009C7F18 /* MyKeynoteTests.xctest */,
			);
			name = Products;
			sourceTree = "<group>";
		};
		B59A0C5B2A64D146009C7F18 /* MyKeynote */ = {
			isa = PBXGroup;
			children = (
				B59A0C8C2A64D579009C7F18 /* App */,
				B59A0C8D2A64D58C009C7F18 /* Resource */,
				B59A0CB52A66FE30009C7F18 /* Util */,
				B59A0C8F2A64D9AD009C7F18 /* Model */,
				B59A0CB62A66FE51009C7F18 /* View */,
				B59A0CB72A66FE63009C7F18 /* Controller */,
			);
			path = MyKeynote;
			sourceTree = "<group>";
		};
		B59A0C722A64D149009C7F18 /* MyKeynoteTests */ = {
			isa = PBXGroup;
			children = (
				B59A0C732A64D149009C7F18 /* SlideManagerTests.swift */,
			);
			path = MyKeynoteTests;
			sourceTree = "<group>";
		};
		B59A0C8C2A64D579009C7F18 /* App */ = {
			isa = PBXGroup;
			children = (
				B59A0C5C2A64D146009C7F18 /* AppDelegate.swift */,
				B59A0C5E2A64D146009C7F18 /* SceneDelegate.swift */,
			);
			path = App;
			sourceTree = "<group>";
		};
		B59A0C8D2A64D58C009C7F18 /* Resource */ = {
			isa = PBXGroup;
			children = (
				B59A0C672A64D149009C7F18 /* LaunchScreen.storyboard */,
				B59A0C652A64D149009C7F18 /* Assets.xcassets */,
				B59A0C6A2A64D149009C7F18 /* Info.plist */,
			);
			path = Resource;
			sourceTree = "<group>";
		};
		B59A0C8F2A64D9AD009C7F18 /* Model */ = {
			isa = PBXGroup;
			children = (
				B52A23F82A6FBA9700408259 /* Notification+Namespace.swift */,
				B5D7D39D2A64F7AB0073B882 /* DataModel */,
				B59A0CB42A66FE18009C7F18 /* Slide */,
				B5CCB6D42A6D8411009771DC /* SlideContent */,
			);
			path = Model;
			sourceTree = "<group>";
		};
		B59A0CB42A66FE18009C7F18 /* Slide */ = {
			isa = PBXGroup;
			children = (
				B59A0C902A64D9DA009C7F18 /* Slide.swift */,
				B5CCB6CF2A6D24B2009771DC /* SlideManager.swift */,
			);
			path = Slide;
			sourceTree = "<group>";
		};
		B59A0CB52A66FE30009C7F18 /* Util */ = {
			isa = PBXGroup;
			children = (
				B59A0CB82A66FEB6009C7F18 /* Logger+Extension.swift */,
				B59A0CCC2A67EA62009C7F18 /* UIColor+Extension.swift */,
				B59A0CBA2A670203009C7F18 /* SMColor+UIColor.swift */,
				B59A0CBE2A670A6B009C7F18 /* SMAlpha+CGFloat.swift */,
				B59A0CC02A670AF2009C7F18 /* SMSize+CGSize.swift */,
			);
			path = Util;
			sourceTree = "<group>";
		};
		B59A0CB62A66FE51009C7F18 /* View */ = {
			isa = PBXGroup;
			children = (
				B5CCB6CD2A6D0E9C009771DC /* MainLayout */,
				B5CCB6CE2A6D0EB3009771DC /* SlideView */,
			);
			path = View;
			sourceTree = "<group>";
		};
		B59A0CB72A66FE63009C7F18 /* Controller */ = {
			isa = PBXGroup;
			children = (
				B59A0C602A64D146009C7F18 /* ViewController.swift */,
			);
			path = Controller;
			sourceTree = "<group>";
		};
		B5CCB6CD2A6D0E9C009771DC /* MainLayout */ = {
			isa = PBXGroup;
			children = (
				B59A0CC42A677A13009C7F18 /* LayoutConfigurable.swift */,
				B59A0CC22A677928009C7F18 /* MainView.swift */,
				B59A0CC82A677F0A009C7F18 /* NavigatorView.swift */,
				B510FED22A681FDA00649E1B /* Inspector */,
			);
			path = MainLayout;
			sourceTree = "<group>";
		};
		B5CCB6CE2A6D0EB3009771DC /* SlideView */ = {
			isa = PBXGroup;
			children = (
				B59A0CCA2A679FB4009C7F18 /* SlideView.swift */,
				B5CCB6DA2A6D862F009771DC /* ContentViewProtocol.swift */,
				B5CCB6D82A6D860E009771DC /* SquareContentView.swift */,
			);
			path = SlideView;
			sourceTree = "<group>";
		};
		B5CCB6D42A6D8411009771DC /* SlideContent */ = {
			isa = PBXGroup;
			children = (
				B5CCB6CB2A6D0978009771DC /* SlideContent.swift */,
				B5CCB6D22A6D83FF009771DC /* SquareContent.swift */,
				B5CCB6D62A6D8447009771DC /* SlideContentFactory.swift */,
			);
			path = SlideContent;
			sourceTree = "<group>";
		};
		B5D7D39D2A64F7AB0073B882 /* DataModel */ = {
			isa = PBXGroup;
			children = (
				B59A0C922A64DECF009C7F18 /* SMColor.swift */,
				B5D7D39E2A64F7B70073B882 /* SMAlpha.swift */,
				B5D7D3A22A6500B40073B882 /* SMSize.swift */,
				B59A0C942A668B74009C7F18 /* SMUUID.swift */,
			);
			path = DataModel;
			sourceTree = "<group>";
		};
/* End PBXGroup section */

/* Begin PBXNativeTarget section */
		B59A0C582A64D146009C7F18 /* MyKeynote */ = {
			isa = PBXNativeTarget;
			buildConfigurationList = B59A0C832A64D149009C7F18 /* Build configuration list for PBXNativeTarget "MyKeynote" */;
			buildPhases = (
				B59A0C552A64D146009C7F18 /* Sources */,
				B59A0C562A64D146009C7F18 /* Frameworks */,
				B59A0C572A64D146009C7F18 /* Resources */,
			);
			buildRules = (
			);
			dependencies = (
			);
			name = MyKeynote;
			productName = MyKeynote;
			productReference = B59A0C592A64D146009C7F18 /* MyKeynote.app */;
			productType = "com.apple.product-type.application";
		};
		B59A0C6E2A64D149009C7F18 /* MyKeynoteTests */ = {
			isa = PBXNativeTarget;
			buildConfigurationList = B59A0C862A64D149009C7F18 /* Build configuration list for PBXNativeTarget "MyKeynoteTests" */;
			buildPhases = (
				B59A0C6B2A64D149009C7F18 /* Sources */,
				B59A0C6C2A64D149009C7F18 /* Frameworks */,
				B59A0C6D2A64D149009C7F18 /* Resources */,
			);
			buildRules = (
			);
			dependencies = (
				B59A0C712A64D149009C7F18 /* PBXTargetDependency */,
			);
			name = MyKeynoteTests;
			productName = MyKeynoteTests;
			productReference = B59A0C6F2A64D149009C7F18 /* MyKeynoteTests.xctest */;
			productType = "com.apple.product-type.bundle.unit-test";
		};
/* End PBXNativeTarget section */

/* Begin PBXProject section */
		B59A0C512A64D146009C7F18 /* Project object */ = {
			isa = PBXProject;
			attributes = {
				BuildIndependentTargetsInParallel = 1;
				LastSwiftUpdateCheck = 1500;
				LastUpgradeCheck = 1500;
				TargetAttributes = {
					B59A0C582A64D146009C7F18 = {
						CreatedOnToolsVersion = 15.0;
					};
					B59A0C6E2A64D149009C7F18 = {
						CreatedOnToolsVersion = 15.0;
						TestTargetID = B59A0C582A64D146009C7F18;
					};
				};
			};
			buildConfigurationList = B59A0C542A64D146009C7F18 /* Build configuration list for PBXProject "MyKeynote" */;
			compatibilityVersion = "Xcode 14.0";
			developmentRegion = en;
			hasScannedForEncodings = 0;
			knownRegions = (
				en,
				Base,
			);
			mainGroup = B59A0C502A64D146009C7F18;
			productRefGroup = B59A0C5A2A64D146009C7F18 /* Products */;
			projectDirPath = "";
			projectRoot = "";
			targets = (
				B59A0C582A64D146009C7F18 /* MyKeynote */,
				B59A0C6E2A64D149009C7F18 /* MyKeynoteTests */,
			);
		};
/* End PBXProject section */

/* Begin PBXResourcesBuildPhase section */
		B59A0C572A64D146009C7F18 /* Resources */ = {
			isa = PBXResourcesBuildPhase;
			buildActionMask = 2147483647;
			files = (
				B59A0C692A64D149009C7F18 /* LaunchScreen.storyboard in Resources */,
				B59A0C662A64D149009C7F18 /* Assets.xcassets in Resources */,
			);
			runOnlyForDeploymentPostprocessing = 0;
		};
		B59A0C6D2A64D149009C7F18 /* Resources */ = {
			isa = PBXResourcesBuildPhase;
			buildActionMask = 2147483647;
			files = (
			);
			runOnlyForDeploymentPostprocessing = 0;
		};
/* End PBXResourcesBuildPhase section */

/* Begin PBXSourcesBuildPhase section */
		B59A0C552A64D146009C7F18 /* Sources */ = {
			isa = PBXSourcesBuildPhase;
			buildActionMask = 2147483647;
			files = (
				B59A0CCD2A67EA62009C7F18 /* UIColor+Extension.swift in Sources */,
				B59A0CC52A677A13009C7F18 /* LayoutConfigurable.swift in Sources */,
				B510FED42A68201600649E1B /* ValuePresentableStepper.swift in Sources */,
				B59A0CCB2A679FB4009C7F18 /* SlideView.swift in Sources */,
				B59A0CC92A677F0A009C7F18 /* NavigatorView.swift in Sources */,
				B59A0CC72A677CFB009C7F18 /* InspectorView.swift in Sources */,
				B5CCB6D92A6D860E009771DC /* SquareContentView.swift in Sources */,
				B59A0CB92A66FEB6009C7F18 /* Logger+Extension.swift in Sources */,
				B52A23F92A6FBA9700408259 /* Notification+Namespace.swift in Sources */,
				B5CCB6D72A6D8447009771DC /* SlideContentFactory.swift in Sources */,
				B59A0C612A64D146009C7F18 /* ViewController.swift in Sources */,
				B59A0CBF2A670A6B009C7F18 /* SMAlpha+CGFloat.swift in Sources */,
				B59A0C5D2A64D146009C7F18 /* AppDelegate.swift in Sources */,
				B5CCB6DB2A6D862F009771DC /* ContentViewProtocol.swift in Sources */,
				B59A0CBB2A670203009C7F18 /* SMColor+UIColor.swift in Sources */,
				B5D7D3A32A6500B40073B882 /* SMSize.swift in Sources */,
				B59A0C932A64DECF009C7F18 /* SMColor.swift in Sources */,
				B59A0CC32A677928009C7F18 /* MainView.swift in Sources */,
				B5F4CD692A68472200CD226F /* BackgroundColorChangeableButton.swift in Sources */,
				B59A0C5F2A64D146009C7F18 /* SceneDelegate.swift in Sources */,
				B5CCB6CC2A6D0978009771DC /* SlideContent.swift in Sources */,
				B5CCB6D32A6D83FF009771DC /* SquareContent.swift in Sources */,
				B5D7D39F2A64F7B70073B882 /* SMAlpha.swift in Sources */,
				B5CCB6D02A6D24B2009771DC /* SlideManager.swift in Sources */,
				B59A0C952A668B74009C7F18 /* SMUUID.swift in Sources */,
				B59A0CC12A670AF2009C7F18 /* SMSize+CGSize.swift in Sources */,
				B59A0C912A64D9DA009C7F18 /* Slide.swift in Sources */,
			);
			runOnlyForDeploymentPostprocessing = 0;
		};
		B59A0C6B2A64D149009C7F18 /* Sources */ = {
			isa = PBXSourcesBuildPhase;
			buildActionMask = 2147483647;
			files = (
				B52A23FA2A6FBD9E00408259 /* Notification+Namespace.swift in Sources */,
				B5CCB6DE2A6E1063009771DC /* SlideContentFactory.swift in Sources */,
				B5CCB6E22A6E7D80009771DC /* SlideContent.swift in Sources */,
				B5CCB6E52A6E7DE2009771DC /* SlideManagerTests.swift in Sources */,
				B5CCB6E02A6E10C5009771DC /* SMColor.swift in Sources */,
				B5CCB6DF2A6E1076009771DC /* SquareContent.swift in Sources */,
				B5CCB6E32A6E7D89009771DC /* Slide.swift in Sources */,
				B5CCB6E12A6E10DA009771DC /* SMAlpha.swift in Sources */,
				B5CCB6E42A6E7D91009771DC /* SMUUID.swift in Sources */,
				B5CCB6DD2A6E0F24009771DC /* SlideManager.swift in Sources */,
			);
			runOnlyForDeploymentPostprocessing = 0;
		};
/* End PBXSourcesBuildPhase section */

/* Begin PBXTargetDependency section */
		B59A0C712A64D149009C7F18 /* PBXTargetDependency */ = {
			isa = PBXTargetDependency;
			target = B59A0C582A64D146009C7F18 /* MyKeynote */;
			targetProxy = B59A0C702A64D149009C7F18 /* PBXContainerItemProxy */;
		};
/* End PBXTargetDependency section */

/* Begin PBXVariantGroup section */
		B59A0C672A64D149009C7F18 /* LaunchScreen.storyboard */ = {
			isa = PBXVariantGroup;
			children = (
				B59A0C682A64D149009C7F18 /* Base */,
			);
			name = LaunchScreen.storyboard;
			sourceTree = "<group>";
		};
/* End PBXVariantGroup section */

/* Begin XCBuildConfiguration section */
		B59A0C812A64D149009C7F18 /* Debug */ = {
			isa = XCBuildConfiguration;
			buildSettings = {
				ALWAYS_SEARCH_USER_PATHS = NO;
				ASSETCATALOG_COMPILER_GENERATE_SWIFT_ASSET_SYMBOL_EXTENSIONS = YES;
				CLANG_ANALYZER_NONNULL = YES;
				CLANG_ANALYZER_NUMBER_OBJECT_CONVERSION = YES_AGGRESSIVE;
				CLANG_CXX_LANGUAGE_STANDARD = "gnu++20";
				CLANG_ENABLE_MODULES = YES;
				CLANG_ENABLE_OBJC_ARC = YES;
				CLANG_ENABLE_OBJC_WEAK = YES;
				CLANG_WARN_BLOCK_CAPTURE_AUTORELEASING = YES;
				CLANG_WARN_BOOL_CONVERSION = YES;
				CLANG_WARN_COMMA = YES;
				CLANG_WARN_CONSTANT_CONVERSION = YES;
				CLANG_WARN_DEPRECATED_OBJC_IMPLEMENTATIONS = YES;
				CLANG_WARN_DIRECT_OBJC_ISA_USAGE = YES_ERROR;
				CLANG_WARN_DOCUMENTATION_COMMENTS = YES;
				CLANG_WARN_EMPTY_BODY = YES;
				CLANG_WARN_ENUM_CONVERSION = YES;
				CLANG_WARN_INFINITE_RECURSION = YES;
				CLANG_WARN_INT_CONVERSION = YES;
				CLANG_WARN_NON_LITERAL_NULL_CONVERSION = YES;
				CLANG_WARN_OBJC_IMPLICIT_RETAIN_SELF = YES;
				CLANG_WARN_OBJC_LITERAL_CONVERSION = YES;
				CLANG_WARN_OBJC_ROOT_CLASS = YES_ERROR;
				CLANG_WARN_QUOTED_INCLUDE_IN_FRAMEWORK_HEADER = YES;
				CLANG_WARN_RANGE_LOOP_ANALYSIS = YES;
				CLANG_WARN_STRICT_PROTOTYPES = YES;
				CLANG_WARN_SUSPICIOUS_MOVE = YES;
				CLANG_WARN_UNGUARDED_AVAILABILITY = YES_AGGRESSIVE;
				CLANG_WARN_UNREACHABLE_CODE = YES;
				CLANG_WARN__DUPLICATE_METHOD_MATCH = YES;
				COPY_PHASE_STRIP = NO;
				DEBUG_INFORMATION_FORMAT = dwarf;
				ENABLE_STRICT_OBJC_MSGSEND = YES;
				ENABLE_TESTABILITY = YES;
				ENABLE_USER_SCRIPT_SANDBOXING = YES;
				GCC_C_LANGUAGE_STANDARD = gnu17;
				GCC_DYNAMIC_NO_PIC = NO;
				GCC_NO_COMMON_BLOCKS = YES;
				GCC_OPTIMIZATION_LEVEL = 0;
				GCC_PREPROCESSOR_DEFINITIONS = (
					"DEBUG=1",
					"$(inherited)",
				);
				GCC_WARN_64_TO_32_BIT_CONVERSION = YES;
				GCC_WARN_ABOUT_RETURN_TYPE = YES_ERROR;
				GCC_WARN_UNDECLARED_SELECTOR = YES;
				GCC_WARN_UNINITIALIZED_AUTOS = YES_AGGRESSIVE;
				GCC_WARN_UNUSED_FUNCTION = YES;
				GCC_WARN_UNUSED_VARIABLE = YES;
				IPHONEOS_DEPLOYMENT_TARGET = 17.0;
				LOCALIZATION_PREFERS_STRING_CATALOGS = YES;
				MTL_ENABLE_DEBUG_INFO = INCLUDE_SOURCE;
				MTL_FAST_MATH = YES;
				ONLY_ACTIVE_ARCH = YES;
				SDKROOT = iphoneos;
				SWIFT_ACTIVE_COMPILATION_CONDITIONS = "DEBUG $(inherited)";
				SWIFT_OPTIMIZATION_LEVEL = "-Onone";
			};
			name = Debug;
		};
		B59A0C822A64D149009C7F18 /* Release */ = {
			isa = XCBuildConfiguration;
			buildSettings = {
				ALWAYS_SEARCH_USER_PATHS = NO;
				ASSETCATALOG_COMPILER_GENERATE_SWIFT_ASSET_SYMBOL_EXTENSIONS = YES;
				CLANG_ANALYZER_NONNULL = YES;
				CLANG_ANALYZER_NUMBER_OBJECT_CONVERSION = YES_AGGRESSIVE;
				CLANG_CXX_LANGUAGE_STANDARD = "gnu++20";
				CLANG_ENABLE_MODULES = YES;
				CLANG_ENABLE_OBJC_ARC = YES;
				CLANG_ENABLE_OBJC_WEAK = YES;
				CLANG_WARN_BLOCK_CAPTURE_AUTORELEASING = YES;
				CLANG_WARN_BOOL_CONVERSION = YES;
				CLANG_WARN_COMMA = YES;
				CLANG_WARN_CONSTANT_CONVERSION = YES;
				CLANG_WARN_DEPRECATED_OBJC_IMPLEMENTATIONS = YES;
				CLANG_WARN_DIRECT_OBJC_ISA_USAGE = YES_ERROR;
				CLANG_WARN_DOCUMENTATION_COMMENTS = YES;
				CLANG_WARN_EMPTY_BODY = YES;
				CLANG_WARN_ENUM_CONVERSION = YES;
				CLANG_WARN_INFINITE_RECURSION = YES;
				CLANG_WARN_INT_CONVERSION = YES;
				CLANG_WARN_NON_LITERAL_NULL_CONVERSION = YES;
				CLANG_WARN_OBJC_IMPLICIT_RETAIN_SELF = YES;
				CLANG_WARN_OBJC_LITERAL_CONVERSION = YES;
				CLANG_WARN_OBJC_ROOT_CLASS = YES_ERROR;
				CLANG_WARN_QUOTED_INCLUDE_IN_FRAMEWORK_HEADER = YES;
				CLANG_WARN_RANGE_LOOP_ANALYSIS = YES;
				CLANG_WARN_STRICT_PROTOTYPES = YES;
				CLANG_WARN_SUSPICIOUS_MOVE = YES;
				CLANG_WARN_UNGUARDED_AVAILABILITY = YES_AGGRESSIVE;
				CLANG_WARN_UNREACHABLE_CODE = YES;
				CLANG_WARN__DUPLICATE_METHOD_MATCH = YES;
				COPY_PHASE_STRIP = NO;
				DEBUG_INFORMATION_FORMAT = "dwarf-with-dsym";
				ENABLE_NS_ASSERTIONS = NO;
				ENABLE_STRICT_OBJC_MSGSEND = YES;
				ENABLE_USER_SCRIPT_SANDBOXING = YES;
				GCC_C_LANGUAGE_STANDARD = gnu17;
				GCC_NO_COMMON_BLOCKS = YES;
				GCC_WARN_64_TO_32_BIT_CONVERSION = YES;
				GCC_WARN_ABOUT_RETURN_TYPE = YES_ERROR;
				GCC_WARN_UNDECLARED_SELECTOR = YES;
				GCC_WARN_UNINITIALIZED_AUTOS = YES_AGGRESSIVE;
				GCC_WARN_UNUSED_FUNCTION = YES;
				GCC_WARN_UNUSED_VARIABLE = YES;
				IPHONEOS_DEPLOYMENT_TARGET = 17.0;
				LOCALIZATION_PREFERS_STRING_CATALOGS = YES;
				MTL_ENABLE_DEBUG_INFO = NO;
				MTL_FAST_MATH = YES;
				SDKROOT = iphoneos;
				SWIFT_COMPILATION_MODE = wholemodule;
				VALIDATE_PRODUCT = YES;
			};
			name = Release;
		};
		B59A0C842A64D149009C7F18 /* Debug */ = {
			isa = XCBuildConfiguration;
			buildSettings = {
				ASSETCATALOG_COMPILER_APPICON_NAME = AppIcon;
				ASSETCATALOG_COMPILER_GLOBAL_ACCENT_COLOR_NAME = AccentColor;
				CODE_SIGN_STYLE = Automatic;
				CURRENT_PROJECT_VERSION = 1;
				DEVELOPMENT_TEAM = AVZ9493N69;
				GENERATE_INFOPLIST_FILE = YES;
				INFOPLIST_FILE = MyKeynote/Resource/Info.plist;
				INFOPLIST_KEY_UIApplicationSupportsIndirectInputEvents = YES;
				INFOPLIST_KEY_UILaunchStoryboardName = LaunchScreen;
				INFOPLIST_KEY_UISupportedInterfaceOrientations = "UIInterfaceOrientationLandscapeLeft UIInterfaceOrientationLandscapeRight UIInterfaceOrientationPortrait";
				INFOPLIST_KEY_UISupportedInterfaceOrientations_iPad = "UIInterfaceOrientationLandscapeLeft UIInterfaceOrientationLandscapeRight";
				IPHONEOS_DEPLOYMENT_TARGET = 14.0;
				LD_RUNPATH_SEARCH_PATHS = (
					"$(inherited)",
					"@executable_path/Frameworks",
				);
				MARKETING_VERSION = 1.0;
				PRODUCT_BUNDLE_IDENTIFIER = com.minios.MyKeynote;
				PRODUCT_NAME = "$(TARGET_NAME)";
				SUPPORTED_PLATFORMS = "iphoneos iphonesimulator";
				SUPPORTS_MACCATALYST = NO;
				SUPPORTS_MAC_DESIGNED_FOR_IPHONE_IPAD = NO;
				SUPPORTS_XR_DESIGNED_FOR_IPHONE_IPAD = NO;
				SWIFT_EMIT_LOC_STRINGS = YES;
				SWIFT_VERSION = 5.0;
				TARGETED_DEVICE_FAMILY = 2;
			};
			name = Debug;
		};
		B59A0C852A64D149009C7F18 /* Release */ = {
			isa = XCBuildConfiguration;
			buildSettings = {
				ASSETCATALOG_COMPILER_APPICON_NAME = AppIcon;
				ASSETCATALOG_COMPILER_GLOBAL_ACCENT_COLOR_NAME = AccentColor;
				CODE_SIGN_STYLE = Automatic;
				CURRENT_PROJECT_VERSION = 1;
				DEVELOPMENT_TEAM = AVZ9493N69;
				GENERATE_INFOPLIST_FILE = YES;
				INFOPLIST_FILE = MyKeynote/Resource/Info.plist;
				INFOPLIST_KEY_UIApplicationSupportsIndirectInputEvents = YES;
				INFOPLIST_KEY_UILaunchStoryboardName = LaunchScreen;
				INFOPLIST_KEY_UISupportedInterfaceOrientations = "UIInterfaceOrientationLandscapeLeft UIInterfaceOrientationLandscapeRight UIInterfaceOrientationPortrait";
				INFOPLIST_KEY_UISupportedInterfaceOrientations_iPad = "UIInterfaceOrientationLandscapeLeft UIInterfaceOrientationLandscapeRight";
				IPHONEOS_DEPLOYMENT_TARGET = 14.0;
				LD_RUNPATH_SEARCH_PATHS = (
					"$(inherited)",
					"@executable_path/Frameworks",
				);
				MARKETING_VERSION = 1.0;
				PRODUCT_BUNDLE_IDENTIFIER = com.minios.MyKeynote;
				PRODUCT_NAME = "$(TARGET_NAME)";
				SUPPORTED_PLATFORMS = "iphoneos iphonesimulator";
				SUPPORTS_MACCATALYST = NO;
				SUPPORTS_MAC_DESIGNED_FOR_IPHONE_IPAD = NO;
				SUPPORTS_XR_DESIGNED_FOR_IPHONE_IPAD = NO;
				SWIFT_EMIT_LOC_STRINGS = YES;
				SWIFT_VERSION = 5.0;
				TARGETED_DEVICE_FAMILY = 2;
			};
			name = Release;
		};
		B59A0C872A64D149009C7F18 /* Debug */ = {
			isa = XCBuildConfiguration;
			buildSettings = {
				ALWAYS_EMBED_SWIFT_STANDARD_LIBRARIES = YES;
				BUNDLE_LOADER = "$(TEST_HOST)";
				CODE_SIGN_STYLE = Automatic;
				CURRENT_PROJECT_VERSION = 1;
				DEVELOPMENT_TEAM = AVZ9493N69;
				GENERATE_INFOPLIST_FILE = YES;
				IPHONEOS_DEPLOYMENT_TARGET = 17.0;
				MARKETING_VERSION = 1.0;
				PRODUCT_BUNDLE_IDENTIFIER = com.minios.MyKeynoteTests;
				PRODUCT_NAME = "$(TARGET_NAME)";
				SWIFT_EMIT_LOC_STRINGS = NO;
				SWIFT_VERSION = 5.0;
				TARGETED_DEVICE_FAMILY = "1,2";
				TEST_HOST = "$(BUILT_PRODUCTS_DIR)/MyKeynote.app/$(BUNDLE_EXECUTABLE_FOLDER_PATH)/MyKeynote";
			};
			name = Debug;
		};
		B59A0C882A64D149009C7F18 /* Release */ = {
			isa = XCBuildConfiguration;
			buildSettings = {
				ALWAYS_EMBED_SWIFT_STANDARD_LIBRARIES = YES;
				BUNDLE_LOADER = "$(TEST_HOST)";
				CODE_SIGN_STYLE = Automatic;
				CURRENT_PROJECT_VERSION = 1;
				DEVELOPMENT_TEAM = AVZ9493N69;
				GENERATE_INFOPLIST_FILE = YES;
				IPHONEOS_DEPLOYMENT_TARGET = 17.0;
				MARKETING_VERSION = 1.0;
				PRODUCT_BUNDLE_IDENTIFIER = com.minios.MyKeynoteTests;
				PRODUCT_NAME = "$(TARGET_NAME)";
				SWIFT_EMIT_LOC_STRINGS = NO;
				SWIFT_VERSION = 5.0;
				TARGETED_DEVICE_FAMILY = "1,2";
				TEST_HOST = "$(BUILT_PRODUCTS_DIR)/MyKeynote.app/$(BUNDLE_EXECUTABLE_FOLDER_PATH)/MyKeynote";
			};
			name = Release;
		};
/* End XCBuildConfiguration section */

/* Begin XCConfigurationList section */
		B59A0C542A64D146009C7F18 /* Build configuration list for PBXProject "MyKeynote" */ = {
			isa = XCConfigurationList;
			buildConfigurations = (
				B59A0C812A64D149009C7F18 /* Debug */,
				B59A0C822A64D149009C7F18 /* Release */,
			);
			defaultConfigurationIsVisible = 0;
			defaultConfigurationName = Release;
		};
		B59A0C832A64D149009C7F18 /* Build configuration list for PBXNativeTarget "MyKeynote" */ = {
			isa = XCConfigurationList;
			buildConfigurations = (
				B59A0C842A64D149009C7F18 /* Debug */,
				B59A0C852A64D149009C7F18 /* Release */,
			);
			defaultConfigurationIsVisible = 0;
			defaultConfigurationName = Release;
		};
		B59A0C862A64D149009C7F18 /* Build configuration list for PBXNativeTarget "MyKeynoteTests" */ = {
			isa = XCConfigurationList;
			buildConfigurations = (
				B59A0C872A64D149009C7F18 /* Debug */,
				B59A0C882A64D149009C7F18 /* Release */,
			);
			defaultConfigurationIsVisible = 0;
			defaultConfigurationName = Release;
		};
/* End XCConfigurationList section */
	};
	rootObject = B59A0C512A64D146009C7F18 /* Project object */;
}
